
Microsoft Visual Studio Solution File, Format Version 12.00
# Visual Studio Version 17
VisualStudioVersion = 17.9.34723.18
MinimumVisualStudioVersion = 10.0.40219.1
Project("{FAE04EC0-301F-11D3-BF4B-00C04F79EFBC}") = "CompiladorCeceña", "CompiladorCeceña.csproj", "{D1D63A38-D05C-4AFF-805F-C3053EAE340C}"
EndProject
Global
	GlobalSection(SolutionConfigurationPlatforms) = preSolution
		Debug|Any CPU = Debug|Any CPU
		Release|Any CPU = Release|Any CPU
	EndGlobalSection
	GlobalSection(ProjectConfigurationPlatforms) = postSolution
		{D1D63A38-D05C-4AFF-805F-C3053EAE340C}.Debug|Any CPU.ActiveCfg = Debug|Any CPU
		{D1D63A38-D05C-4AFF-805F-C3053EAE340C}.Debug|Any CPU.Build.0 = Debug|Any CPU
		{D1D63A38-D05C-4AFF-805F-C3053EAE340C}.Release|Any CPU.ActiveCfg = Release|Any CPU
		{D1D63A38-D05C-4AFF-805F-C3053EAE340C}.Release|Any CPU.Build.0 = Release|Any CPU
	EndGlobalSection
	GlobalSection(SolutionProperties) = preSolution
		HideSolutionNode = FALSE
	EndGlobalSection
	GlobalSection(ExtensibilityGlobals) = postSolution
		SolutionGuid = {C785DD95-4FB8-4E4D-BDF0-FC9B77865393}
	EndGlobalSection
EndGlobal
